
Microsoft Visual Studio Solution File, Format Version 12.00
# Visual Studio 15
VisualStudioVersion = 15.0.28307.168
MinimumVisualStudioVersion = 10.0.40219.1
Project("{FAE04EC0-301F-11D3-BF4B-00C04F79EFBC}") = "OisinLynch_S00189006", "OisinLynch_S00189006\OisinLynch_S00189006.csproj", "{1FD0A9ED-37A5-4490-8276-746D90AF7780}"
EndProject
Project("{FAE04EC0-301F-11D3-BF4B-00C04F79EFBC}") = "UnitTestProject1", "UnitTestProject1\UnitTestProject1.csproj", "{9D454033-81F8-4BCC-9022-DE81485EFF45}"
EndProject
Project("{FAE04EC0-301F-11D3-BF4B-00C04F79EFBC}") = "DataManagement", "DataManagement\DataManagement.csproj", "{9E276510-5BA4-46F2-9A6C-1E6A186616DD}"
EndProject
Global
	GlobalSection(SolutionConfigurationPlatforms) = preSolution
		Debug|Any CPU = Debug|Any CPU
		Release|Any CPU = Release|Any CPU
	EndGlobalSection
	GlobalSection(ProjectConfigurationPlatforms) = postSolution
		{1FD0A9ED-37A5-4490-8276-746D90AF7780}.Debug|Any CPU.ActiveCfg = Debug|Any CPU
		{1FD0A9ED-37A5-4490-8276-746D90AF7780}.Debug|Any CPU.Build.0 = Debug|Any CPU
		{1FD0A9ED-37A5-4490-8276-746D90AF7780}.Release|Any CPU.ActiveCfg = Release|Any CPU
		{1FD0A9ED-37A5-4490-8276-746D90AF7780}.Release|Any CPU.Build.0 = Release|Any CPU
		{9D454033-81F8-4BCC-9022-DE81485EFF45}.Debug|Any CPU.ActiveCfg = Debug|Any CPU
		{9D454033-81F8-4BCC-9022-DE81485EFF45}.Debug|Any CPU.Build.0 = Debug|Any CPU
		{9D454033-81F8-4BCC-9022-DE81485EFF45}.Release|Any CPU.ActiveCfg = Release|Any CPU
		{9D454033-81F8-4BCC-9022-DE81485EFF45}.Release|Any CPU.Build.0 = Release|Any CPU
		{9E276510-5BA4-46F2-9A6C-1E6A186616DD}.Debug|Any CPU.ActiveCfg = Debug|Any CPU
		{9E276510-5BA4-46F2-9A6C-1E6A186616DD}.Debug|Any CPU.Build.0 = Debug|Any CPU
		{9E276510-5BA4-46F2-9A6C-1E6A186616DD}.Release|Any CPU.ActiveCfg = Release|Any CPU
		{9E276510-5BA4-46F2-9A6C-1E6A186616DD}.Release|Any CPU.Build.0 = Release|Any CPU
	EndGlobalSection
	GlobalSection(SolutionProperties) = preSolution
		HideSolutionNode = FALSE
	EndGlobalSection
	GlobalSection(ExtensibilityGlobals) = postSolution
		SolutionGuid = {AA6AA1C6-47B3-45E4-83C7-B128CD6DCCB5}
	EndGlobalSection
EndGlobal
